
Microsoft Visual Studio Solution File, Format Version 12.00
# Visual Studio Version 17
VisualStudioVersion = 17.10.35122.118
MinimumVisualStudioVersion = 10.0.40219.1
Project("{FAE04EC0-301F-11D3-BF4B-00C04F79EFBC}") = "API-Maui", "API-Maui\API-Maui.csproj", "{EB3269CB-72BD-4A5A-95DA-7FA60C767009}"
EndProject
Global
	GlobalSection(SolutionConfigurationPlatforms) = preSolution
		Debug|Any CPU = Debug|Any CPU
		Release|Any CPU = Release|Any CPU
	EndGlobalSection
	GlobalSection(ProjectConfigurationPlatforms) = postSolution
		{EB3269CB-72BD-4A5A-95DA-7FA60C767009}.Debug|Any CPU.ActiveCfg = Debug|Any CPU
		{EB3269CB-72BD-4A5A-95DA-7FA60C767009}.Debug|Any CPU.Build.0 = Debug|Any CPU
		{EB3269CB-72BD-4A5A-95DA-7FA60C767009}.Debug|Any CPU.Deploy.0 = Debug|Any CPU
		{EB3269CB-72BD-4A5A-95DA-7FA60C767009}.Release|Any CPU.ActiveCfg = Release|Any CPU
		{EB3269CB-72BD-4A5A-95DA-7FA60C767009}.Release|Any CPU.Build.0 = Release|Any CPU
		{EB3269CB-72BD-4A5A-95DA-7FA60C767009}.Release|Any CPU.Deploy.0 = Release|Any CPU
	EndGlobalSection
	GlobalSection(SolutionProperties) = preSolution
		HideSolutionNode = FALSE
	EndGlobalSection
	GlobalSection(ExtensibilityGlobals) = postSolution
		SolutionGuid = {BB8EDBE9-02BB-4907-849A-50A3D8DF85D6}
	EndGlobalSection
EndGlobal
